{
  "name": "sd-utils",
  "version": "1.0.0",
  "lockfileVersion": 1,
  "requires": true,
  "dependencies": {
    "@tarojs/taro": {
      "version": "1.2.0-beta.7",
      "resolved": "https://registry.npmjs.org/@tarojs/taro/-/taro-1.2.0-beta.7.tgz",
      "integrity": "sha512-+H3Ci5bIsJ3KIsTdvKWaKz675pkdwtM5S5IvAWwDmqX++zjNdb3cvvn1P4ik9FSTuLzXfZ7dSHmbO5P4GpXNrA==",
      "dev": true
    },
    "@tarojs/taro-weapp": {
      "version": "1.2.0-beta.7",
      "resolved": "https://registry.npmjs.org/@tarojs/taro-weapp/-/taro-weapp-1.2.0-beta.7.tgz",
      "integrity": "sha512-zenBAlEtvbTrF9I0r5GuH1ZRsSMMeE0lbTwwR6U3Nc/DdHi7+tb81T/MKpempUlD26fUPV3Kc6eFKMNkG1Hjsw==",
      "dev": true,
      "requires": {
        "@tarojs/taro": "1.2.0-beta.7",
        "@tarojs/utils": "1.2.0-beta.7",
        "lodash": "^4.17.10",
        "prop-types": "^15.6.1"
      }
    },
    "@tarojs/utils": {
      "version": "1.2.0-beta.7",
      "resolved": "https://registry.npmjs.org/@tarojs/utils/-/utils-1.2.0-beta.7.tgz",
      "integrity": "sha512-o0AxgiUELimL1i4wFkBRXAlfkpDh5d4Ohwdx7qxfvs4nOKA0qbIjKjCveGCcDvETb/fJYl5FymmihfSvMH8rJQ==",
      "dev": true
    },
    "commander": {
      "version": "2.17.1",
      "resolved": "https://registry.npmjs.org/commander/-/commander-2.17.1.tgz",
      "integrity": "sha512-wPMUt6FnH2yzG95SA6mzjQOEKUU3aLaDEmzs1ti+1E9h+CsrZghRlqEM/EJ4KscsQVG8uNN4uVreUeT8+drlgg==",
      "dev": true
    },
    "js-tokens": {
      "version": "4.0.0",
      "resolved": "https://registry.npmjs.org/js-tokens/-/js-tokens-4.0.0.tgz",
      "integrity": "sha512-RdJUflcE3cUzKiMqQgsCu06FPu9UdIJO0beYbPhHN4k6apgJtifcoCtT9bcxOpYBtpD2kCM6Sbzg4CausW/PKQ==",
      "dev": true
    },
    "lodash": {
      "version": "4.17.11",
      "resolved": "https://registry.npmjs.org/lodash/-/lodash-4.17.11.tgz",
      "integrity": "sha512-cQKh8igo5QUhZ7lg38DYWAxMvjSAKG0A8wGSVimP07SIUEK2UO+arSRKbRZWtelMtN5V0Hkwh5ryOto/SshYIg==",
      "dev": true
    },
    "loose-envify": {
      "version": "1.4.0",
      "resolved": "https://registry.npmjs.org/loose-envify/-/loose-envify-1.4.0.tgz",
      "integrity": "sha512-lyuxPGr/Wfhrlem2CL/UcnUc1zcqKAImBDzukY7Y5F/yQiNdko6+fRLevlw1HgMySw7f611UIY408EtxRSoK3Q==",
      "dev": true,
      "requires": {
        "js-tokens": "^3.0.0 || ^4.0.0"
      }
    },
    "object-assign": {
      "version": "4.1.1",
      "resolved": "https://registry.npmjs.org/object-assign/-/object-assign-4.1.1.tgz",
      "integrity": "sha1-IQmtx5ZYh8/AXLvUQsrIv7s2CGM=",
      "dev": true
    },
    "prop-types": {
      "version": "15.6.2",
      "resolved": "https://registry.npmjs.org/prop-types/-/prop-types-15.6.2.tgz",
      "integrity": "sha512-3pboPvLiWD7dkI3qf3KbUe6hKFKa52w+AE0VCqECtf+QHAKgOL37tTaNCnuX1nAAQ4ZhyP+kYVKf8rLmJ/feDQ==",
      "dev": true,
      "requires": {
        "loose-envify": "^1.3.1",
        "object-assign": "^4.1.1"
      }
    },
    "source-map": {
      "version": "0.6.1",
      "resolved": "https://registry.npmjs.org/source-map/-/source-map-0.6.1.tgz",
      "integrity": "sha512-UjgapumWlbMhkBgzT7Ykc5YXUT46F0iKu8SGXq0bcwP5dz/h0Plj6enJqjz1Zbq2l5WaqYnrVbwWOWMyF3F47g==",
      "dev": true
    },
    "typescript": {
      "version": "3.1.5",
      "resolved": "https://registry.npmjs.org/typescript/-/typescript-3.1.5.tgz",
      "integrity": "sha512-muYNWV9j5+3mXoKD6oPONKuGUmYiFX14gfo9lWm9ZXRHOqVDQiB4q1CzFPbF4QLV2E9TZXH6oK55oQ94rn3PpA==",
      "dev": true
    },
    "uglify-js": {
      "version": "3.4.9",
      "resolved": "https://registry.npmjs.org/uglify-js/-/uglify-js-3.4.9.tgz",
      "integrity": "sha512-8CJsbKOtEbnJsTyv6LE6m6ZKniqMiFWmm9sRbopbkGs3gMPPfd3Fh8iIA4Ykv5MgaTbqHr4BaoGLJLZNhsrW1Q==",
      "dev": true,
      "requires": {
        "commander": "~2.17.1",
        "source-map": "~0.6.1"
      }
    }
  }
}
